
Microsoft Visual Studio Solution File, Format Version 12.00
# Visual Studio Version 16
VisualStudioVersion = 16.0.31624.102
MinimumVisualStudioVersion = 10.0.40219.1
Project("{FAE04EC0-301F-11D3-BF4B-00C04F79EFBC}") = "WinFormUI", "WinFormUI\WinFormUI.csproj", "{89844D97-099C-4241-A03C-81D758066576}"
EndProject
Global
	GlobalSection(SolutionConfigurationPlatforms) = preSolution
		Debug|Any CPU = Debug|Any CPU
		Release|Any CPU = Release|Any CPU
	EndGlobalSection
	GlobalSection(ProjectConfigurationPlatforms) = postSolution
		{89844D97-099C-4241-A03C-81D758066576}.Debug|Any CPU.ActiveCfg = Debug|Any CPU
		{89844D97-099C-4241-A03C-81D758066576}.Debug|Any CPU.Build.0 = Debug|Any CPU
		{89844D97-099C-4241-A03C-81D758066576}.Release|Any CPU.ActiveCfg = Release|Any CPU
		{89844D97-099C-4241-A03C-81D758066576}.Release|Any CPU.Build.0 = Release|Any CPU
	EndGlobalSection
	GlobalSection(SolutionProperties) = preSolution
		HideSolutionNode = FALSE
	EndGlobalSection
	GlobalSection(ExtensibilityGlobals) = postSolution
		SolutionGuid = {C9DBA0EE-B9E2-4621-924B-962764E36372}
	EndGlobalSection
EndGlobal
